# This file is autogenerated, do not edit; changes may be undone by the next 'dep ensure'.


[[projects]]
  branch = "master"
  name = "github.com/VividCortex/godaemon"
  packages = ["."]
  revision = "3d9f6e0b234fe7d17448b345b2e14ac05814a758"

[[projects]]
  name = "github.com/asaskevich/govalidator"
  packages = ["."]
  revision = "872bb01704d183fe276bce6fa429408a87661998"

[[projects]]
  name = "github.com/dgryski/dgoogauth"
  packages = ["."]
  revision = "96977cbd42e27be71f9f731db6634123de7e861a"

[[projects]]
  branch = "master"
  name = "github.com/duosecurity/duo_api_golang"
  packages = [
    ".",
    "authapi"
  ]
  revision = "2b2d787eb38e28ce4fd906321d717af19fad26a6"

[[projects]]
  name = "github.com/ghodss/yaml"
  packages = ["."]
  revision = "04f313413ffd65ce25f2541bfd2b2ceec5c0908c"

[[projects]]
  name = "github.com/go-openapi/errors"
  packages = ["."]
  revision = "fc3f73a224499b047eda7191e5d22e1e9631e86f"

[[projects]]
  name = "github.com/go-openapi/runtime"
  packages = [
    ".",
    "client"
  ]
  revision = "e66a4c4406028a04ddafd6002c378ffd3db7e52b"

[[projects]]
  name = "github.com/go-openapi/strfmt"
  packages = ["."]
  revision = "93a31ef21ac23f317792fff78f9539219dd74619"

[[projects]]
  name = "github.com/go-openapi/swag"
  packages = ["."]
  revision = "d5f8ebc3b1c55a4cf6489eeae7354f338cfe299e"

[[projects]]
  name = "github.com/gorilla/websocket"
  packages = ["."]
  revision = "ea4d1f681babbce9545c9c5f3d5194a789c89f5b"
  version = "v1.2.0"

[[projects]]
  name = "github.com/jordan-wright/email"
  packages = ["."]
  revision = "fd703108daeb23d77c124d12978e9b6c4f28f034"

[[projects]]
  name = "github.com/kardianos/osext"
  packages = ["."]
  revision = "9d302b58e975387d0b4d9be876622c86cefe64be"

[[projects]]
  name = "github.com/mailru/easyjson"
  packages = [
    "buffer",
    "jlexer",
    "jwriter"
  ]
  revision = "db58e6f9072c545a3a24b8d44c51d81fff6dcb51"

[[projects]]
  name = "github.com/mitchellh/mapstructure"
  packages = ["."]
  revision = "53818660ed4955e899c0bcafa97299a388bd7c8e"

[[projects]]
  branch = "master"
  name = "github.com/nlopes/slack"
  packages = ["."]
  revision = "db1988bcee7431c807305524daebdfaa323dbb6a"

[[projects]]
  name = "golang.org/x/net"
  packages = [
    "context",
    "context/ctxhttp"
  ]
  revision = "a6577fac2d73be281a500b310739095313165611"

[[projects]]
  branch = "master"
  name = "golang.org/x/sys"
  packages = [
    "windows",
    "windows/registry",
    "windows/svc",
    "windows/svc/eventlog",
    "windows/svc/mgr"
  ]
  revision = "d818ba11af4465e00c1998bd3f8a55603b422290"

[[projects]]
  branch = "v2"
  name = "gopkg.in/mgo.v2"
  packages = [
    "bson",
    "internal/json"
  ]
  revision = "3f83fa5005286a7fe593b055f0d7771a7dce4655"

[[projects]]
  name = "gopkg.in/yaml.v2"
  packages = ["."]
  revision = "a5b47d31c556af34a302ce5d659e6fea44d90de0"

[solve-meta]
  analyzer-name = "dep"
  analyzer-version = 1
  inputs-digest = "dad9b70cad1baf915b9fbfa055a94f551a21bc720fc15a699ffae3a23b0be450"
  solver-name = "gps-cdcl"
  solver-version = 1
