github.com/lnxjedi/gopherbot v1.1.6/go.mod h1:1gDvQ6Lch0MLUnOlQKEeELsLkFN+NsTm5m3MsJvwQR0=
github.com/lnxjedi/gopherbot/robot v0.0.0-20260117225828-d576e5bcb0db h1:DaNCrRMvjxqi9+IqLi1izdP7lq25vu1Ow509wE0W/Z0=
github.com/lnxjedi/gopherbot/robot v0.0.0-20260117225828-d576e5bcb0db/go.mod h1:1kI5yKSI8nfidYJHMTvI2eLZ+Tqe3jSf02awKgl8pPQ=
